// !$*UTF8*$!
{
	archiveVersion = 1;
	classes = {
	};
	objectVersion = 56;
	objects = {

/* Begin PBXBuildFile section */
		DE7D54EC2B6F77E70060BE42 /* MovieViewController.swift in Sources */ = {isa = PBXBuildFile; fileRef = DE7D54EB2B6F77E70060BE42 /* MovieViewController.swift */; };
		DE7D54EE2B705D940060BE42 /* DramaModel.swift in Sources */ = {isa = PBXBuildFile; fileRef = DE7D54ED2B705D940060BE42 /* DramaModel.swift */; };
		DE7D54FA2B70A1980060BE42 /* TMDBAPI.swift in Sources */ = {isa = PBXBuildFile; fileRef = DE7D54F92B70A1980060BE42 /* TMDBAPI.swift */; };
		DE7D54FC2B70ABEA0060BE42 /* TMDBSessionManager.swift in Sources */ = {isa = PBXBuildFile; fileRef = DE7D54FB2B70ABEA0060BE42 /* TMDBSessionManager.swift */; };
		DE7D550D2B70BC830060BE42 /* SnapKit in Frameworks */ = {isa = PBXBuildFile; productRef = DE7D550C2B70BC830060BE42 /* SnapKit */; };
		DE7D55102B70BC8A0060BE42 /* Alamofire in Frameworks */ = {isa = PBXBuildFile; productRef = DE7D550F2B70BC8A0060BE42 /* Alamofire */; };
		DE7D55132B70BC910060BE42 /* Kingfisher in Frameworks */ = {isa = PBXBuildFile; productRef = DE7D55122B70BC910060BE42 /* Kingfisher */; };
		DE7D55152B70C79F0060BE42 /* DramaSearchTableViewCell.swift in Sources */ = {isa = PBXBuildFile; fileRef = DE7D55142B70C79F0060BE42 /* DramaSearchTableViewCell.swift */; };
		DE7D55182B71B42F0060BE42 /* DramaSearchViewController.swift in Sources */ = {isa = PBXBuildFile; fileRef = DE7D55172B71B42F0060BE42 /* DramaSearchViewController.swift */; };
		DE7D55F42B7889F00060BE42 /* ProfileViewController.swift in Sources */ = {isa = PBXBuildFile; fileRef = DE7D55F32B7889F00060BE42 /* ProfileViewController.swift */; };
		DE7D55F72B7890040060BE42 /* ProfileLabel.swift in Sources */ = {isa = PBXBuildFile; fileRef = DE7D55F62B7890040060BE42 /* ProfileLabel.swift */; };
		DE7D55F92B7890FD0060BE42 /* ProfileTextField.swift in Sources */ = {isa = PBXBuildFile; fileRef = DE7D55F82B7890FD0060BE42 /* ProfileTextField.swift */; };
		DE7D55FE2B789EC00060BE42 /* ProfileDetailViewController.swift in Sources */ = {isa = PBXBuildFile; fileRef = DE7D55FD2B789EC00060BE42 /* ProfileDetailViewController.swift */; };
		DE8912FF2B6A63A3008E561C /* DramaViewController.swift in Sources */ = {isa = PBXBuildFile; fileRef = DE8912FE2B6A63A3008E561C /* DramaViewController.swift */; };
		DE8913022B6A6A64008E561C /* DetailModel.swift in Sources */ = {isa = PBXBuildFile; fileRef = DE8913012B6A6A64008E561C /* DetailModel.swift */; };
		DE8913042B6A6E40008E561C /* DramaInfoTableViewCell.swift in Sources */ = {isa = PBXBuildFile; fileRef = DE8913032B6A6E40008E561C /* DramaInfoTableViewCell.swift */; };
		DE8913142B6D0B9A008E561C /* MainTabBarViewController.swift in Sources */ = {isa = PBXBuildFile; fileRef = DE8913132B6D0B9A008E561C /* MainTabBarViewController.swift */; };
		DE8913162B6D11A4008E561C /* DramaCreditsCollectionViewCell.swift in Sources */ = {isa = PBXBuildFile; fileRef = DE8913152B6D11A4008E561C /* DramaCreditsCollectionViewCell.swift */; };
		DE8913182B6D1387008E561C /* DramaCredits.swift in Sources */ = {isa = PBXBuildFile; fileRef = DE8913172B6D1387008E561C /* DramaCredits.swift */; };
		DE89131A2B6D1B0A008E561C /* CreditsTableViewCell.swift in Sources */ = {isa = PBXBuildFile; fileRef = DE8913192B6D1B0A008E561C /* CreditsTableViewCell.swift */; };
		DE89131C2B6E2833008E561C /* DramaRecommandation.swift in Sources */ = {isa = PBXBuildFile; fileRef = DE89131B2B6E2833008E561C /* DramaRecommandation.swift */; };
		DEC1F2AE2B6E2FD700EA4987 /* DramaInfoLabel.swift in Sources */ = {isa = PBXBuildFile; fileRef = DEC1F2AD2B6E2FD700EA4987 /* DramaInfoLabel.swift */; };
		DECC36B32B68F766008E8B41 /* AppDelegate.swift in Sources */ = {isa = PBXBuildFile; fileRef = DECC36B22B68F766008E8B41 /* AppDelegate.swift */; };
		DECC36B52B68F766008E8B41 /* SceneDelegate.swift in Sources */ = {isa = PBXBuildFile; fileRef = DECC36B42B68F766008E8B41 /* SceneDelegate.swift */; };
		DECC36B72B68F766008E8B41 /* MediaViewController.swift in Sources */ = {isa = PBXBuildFile; fileRef = DECC36B62B68F766008E8B41 /* MediaViewController.swift */; };
		DECC36BA2B68F766008E8B41 /* Main.storyboard in Resources */ = {isa = PBXBuildFile; fileRef = DECC36B82B68F766008E8B41 /* Main.storyboard */; };
		DECC36BC2B68F768008E8B41 /* Assets.xcassets in Resources */ = {isa = PBXBuildFile; fileRef = DECC36BB2B68F768008E8B41 /* Assets.xcassets */; };
		DECC36BF2B68F768008E8B41 /* LaunchScreen.storyboard in Resources */ = {isa = PBXBuildFile; fileRef = DECC36BD2B68F768008E8B41 /* LaunchScreen.storyboard */; };
		DECC36C82B68F8E2008E8B41 /* UIView+Extension.swift in Sources */ = {isa = PBXBuildFile; fileRef = DECC36C72B68F8E2008E8B41 /* UIView+Extension.swift */; };
		DECC36CB2B69C643008E8B41 /* TMDBAPIManager.swift in Sources */ = {isa = PBXBuildFile; fileRef = DECC36CA2B69C643008E8B41 /* TMDBAPIManager.swift */; };
		DECC36CD2B69C653008E8B41 /* .gitignore in Resources */ = {isa = PBXBuildFile; fileRef = DECC36CC2B69C653008E8B41 /* .gitignore */; };
		DECC36CF2B69C665008E8B41 /* APIKey.swift in Sources */ = {isa = PBXBuildFile; fileRef = DECC36CE2B69C665008E8B41 /* APIKey.swift */; };
		DECC36EA2B6A1415008E8B41 /* BaseViewController.swift in Sources */ = {isa = PBXBuildFile; fileRef = DECC36E92B6A1415008E8B41 /* BaseViewController.swift */; };
		DECC36ED2B6A151F008E8B41 /* MediaTableViewCell.swift in Sources */ = {isa = PBXBuildFile; fileRef = DECC36EC2B6A151F008E8B41 /* MediaTableViewCell.swift */; };
		DECC36EF2B6A159D008E8B41 /* BaseTableViewCell.swift in Sources */ = {isa = PBXBuildFile; fileRef = DECC36EE2B6A159D008E8B41 /* BaseTableViewCell.swift */; };
		DECC36F12B6A1846008E8B41 /* BaseCollectionViewCell.swift in Sources */ = {isa = PBXBuildFile; fileRef = DECC36F02B6A1846008E8B41 /* BaseCollectionViewCell.swift */; };
		DECC36F32B6A18A2008E8B41 /* MediaCollectionViewCell.swift in Sources */ = {isa = PBXBuildFile; fileRef = DECC36F22B6A18A2008E8B41 /* MediaCollectionViewCell.swift */; };
/* End PBXBuildFile section */

/* Begin PBXCopyFilesBuildPhase section */
		DE7D55032B70BB660060BE42 /* Embed Frameworks */ = {
			isa = PBXCopyFilesBuildPhase;
			buildActionMask = 2147483647;
			dstPath = "";
			dstSubfolderSpec = 10;
			files = (
			);
			name = "Embed Frameworks";
			runOnlyForDeploymentPostprocessing = 0;
		};
/* End PBXCopyFilesBuildPhase section */

/* Begin PBXFileReference section */
		DE7D54EB2B6F77E70060BE42 /* MovieViewController.swift */ = {isa = PBXFileReference; lastKnownFileType = sourcecode.swift; path = MovieViewController.swift; sourceTree = "<group>"; };
		DE7D54ED2B705D940060BE42 /* DramaModel.swift */ = {isa = PBXFileReference; lastKnownFileType = sourcecode.swift; path = DramaModel.swift; sourceTree = "<group>"; };
		DE7D54F92B70A1980060BE42 /* TMDBAPI.swift */ = {isa = PBXFileReference; lastKnownFileType = sourcecode.swift; path = TMDBAPI.swift; sourceTree = "<group>"; };
		DE7D54FB2B70ABEA0060BE42 /* TMDBSessionManager.swift */ = {isa = PBXFileReference; lastKnownFileType = sourcecode.swift; path = TMDBSessionManager.swift; sourceTree = "<group>"; };
		DE7D55142B70C79F0060BE42 /* DramaSearchTableViewCell.swift */ = {isa = PBXFileReference; lastKnownFileType = sourcecode.swift; path = DramaSearchTableViewCell.swift; sourceTree = "<group>"; };
		DE7D55172B71B42F0060BE42 /* DramaSearchViewController.swift */ = {isa = PBXFileReference; lastKnownFileType = sourcecode.swift; path = DramaSearchViewController.swift; sourceTree = "<group>"; };
		DE7D55F32B7889F00060BE42 /* ProfileViewController.swift */ = {isa = PBXFileReference; lastKnownFileType = sourcecode.swift; path = ProfileViewController.swift; sourceTree = "<group>"; };
		DE7D55F62B7890040060BE42 /* ProfileLabel.swift */ = {isa = PBXFileReference; lastKnownFileType = sourcecode.swift; path = ProfileLabel.swift; sourceTree = "<group>"; };
		DE7D55F82B7890FD0060BE42 /* ProfileTextField.swift */ = {isa = PBXFileReference; lastKnownFileType = sourcecode.swift; path = ProfileTextField.swift; sourceTree = "<group>"; };
		DE7D55FD2B789EC00060BE42 /* ProfileDetailViewController.swift */ = {isa = PBXFileReference; lastKnownFileType = sourcecode.swift; path = ProfileDetailViewController.swift; sourceTree = "<group>"; };
		DE8912FE2B6A63A3008E561C /* DramaViewController.swift */ = {isa = PBXFileReference; lastKnownFileType = sourcecode.swift; path = DramaViewController.swift; sourceTree = "<group>"; };
		DE8913012B6A6A64008E561C /* DetailModel.swift */ = {isa = PBXFileReference; lastKnownFileType = sourcecode.swift; path = DetailModel.swift; sourceTree = "<group>"; };
		DE8913032B6A6E40008E561C /* DramaInfoTableViewCell.swift */ = {isa = PBXFileReference; lastKnownFileType = sourcecode.swift; path = DramaInfoTableViewCell.swift; sourceTree = "<group>"; };
		DE8913132B6D0B9A008E561C /* MainTabBarViewController.swift */ = {isa = PBXFileReference; lastKnownFileType = sourcecode.swift; path = MainTabBarViewController.swift; sourceTree = "<group>"; };
		DE8913152B6D11A4008E561C /* DramaCreditsCollectionViewCell.swift */ = {isa = PBXFileReference; lastKnownFileType = sourcecode.swift; path = DramaCreditsCollectionViewCell.swift; sourceTree = "<group>"; };
		DE8913172B6D1387008E561C /* DramaCredits.swift */ = {isa = PBXFileReference; lastKnownFileType = sourcecode.swift; path = DramaCredits.swift; sourceTree = "<group>"; };
		DE8913192B6D1B0A008E561C /* CreditsTableViewCell.swift */ = {isa = PBXFileReference; lastKnownFileType = sourcecode.swift; path = CreditsTableViewCell.swift; sourceTree = "<group>"; };
		DE89131B2B6E2833008E561C /* DramaRecommandation.swift */ = {isa = PBXFileReference; lastKnownFileType = sourcecode.swift; path = DramaRecommandation.swift; sourceTree = "<group>"; };
		DEC1F2AD2B6E2FD700EA4987 /* DramaInfoLabel.swift */ = {isa = PBXFileReference; lastKnownFileType = sourcecode.swift; path = DramaInfoLabel.swift; sourceTree = "<group>"; };
		DECC36AF2B68F766008E8B41 /* MediaProject.app */ = {isa = PBXFileReference; explicitFileType = wrapper.application; includeInIndex = 0; path = MediaProject.app; sourceTree = BUILT_PRODUCTS_DIR; };
		DECC36B22B68F766008E8B41 /* AppDelegate.swift */ = {isa = PBXFileReference; lastKnownFileType = sourcecode.swift; path = AppDelegate.swift; sourceTree = "<group>"; };
		DECC36B42B68F766008E8B41 /* SceneDelegate.swift */ = {isa = PBXFileReference; lastKnownFileType = sourcecode.swift; path = SceneDelegate.swift; sourceTree = "<group>"; };
		DECC36B62B68F766008E8B41 /* MediaViewController.swift */ = {isa = PBXFileReference; lastKnownFileType = sourcecode.swift; path = MediaViewController.swift; sourceTree = "<group>"; };
		DECC36B92B68F766008E8B41 /* Base */ = {isa = PBXFileReference; lastKnownFileType = file.storyboard; name = Base; path = Base.lproj/Main.storyboard; sourceTree = "<group>"; };
		DECC36BB2B68F768008E8B41 /* Assets.xcassets */ = {isa = PBXFileReference; lastKnownFileType = folder.assetcatalog; path = Assets.xcassets; sourceTree = "<group>"; };
		DECC36BE2B68F768008E8B41 /* Base */ = {isa = PBXFileReference; lastKnownFileType = file.storyboard; name = Base; path = Base.lproj/LaunchScreen.storyboard; sourceTree = "<group>"; };
		DECC36C02B68F768008E8B41 /* Info.plist */ = {isa = PBXFileReference; lastKnownFileType = text.plist.xml; path = Info.plist; sourceTree = "<group>"; };
		DECC36C72B68F8E2008E8B41 /* UIView+Extension.swift */ = {isa = PBXFileReference; lastKnownFileType = sourcecode.swift; path = "UIView+Extension.swift"; sourceTree = "<group>"; };
		DECC36CA2B69C643008E8B41 /* TMDBAPIManager.swift */ = {isa = PBXFileReference; lastKnownFileType = sourcecode.swift; path = TMDBAPIManager.swift; sourceTree = "<group>"; };
		DECC36CC2B69C653008E8B41 /* .gitignore */ = {isa = PBXFileReference; lastKnownFileType = text; path = .gitignore; sourceTree = "<group>"; };
		DECC36CE2B69C665008E8B41 /* APIKey.swift */ = {isa = PBXFileReference; lastKnownFileType = sourcecode.swift; path = APIKey.swift; sourceTree = "<group>"; };
		DECC36E92B6A1415008E8B41 /* BaseViewController.swift */ = {isa = PBXFileReference; lastKnownFileType = sourcecode.swift; path = BaseViewController.swift; sourceTree = "<group>"; };
		DECC36EC2B6A151F008E8B41 /* MediaTableViewCell.swift */ = {isa = PBXFileReference; lastKnownFileType = sourcecode.swift; path = MediaTableViewCell.swift; sourceTree = "<group>"; };
		DECC36EE2B6A159D008E8B41 /* BaseTableViewCell.swift */ = {isa = PBXFileReference; lastKnownFileType = sourcecode.swift; path = BaseTableViewCell.swift; sourceTree = "<group>"; };
		DECC36F02B6A1846008E8B41 /* BaseCollectionViewCell.swift */ = {isa = PBXFileReference; lastKnownFileType = sourcecode.swift; path = BaseCollectionViewCell.swift; sourceTree = "<group>"; };
		DECC36F22B6A18A2008E8B41 /* MediaCollectionViewCell.swift */ = {isa = PBXFileReference; lastKnownFileType = sourcecode.swift; path = MediaCollectionViewCell.swift; sourceTree = "<group>"; };
/* End PBXFileReference section */

/* Begin PBXFrameworksBuildPhase section */
		DECC36AC2B68F766008E8B41 /* Frameworks */ = {
			isa = PBXFrameworksBuildPhase;
			buildActionMask = 2147483647;
			files = (
				DE7D55132B70BC910060BE42 /* Kingfisher in Frameworks */,
				DE7D550D2B70BC830060BE42 /* SnapKit in Frameworks */,
				DE7D55102B70BC8A0060BE42 /* Alamofire in Frameworks */,
			);
			runOnlyForDeploymentPostprocessing = 0;
		};
/* End PBXFrameworksBuildPhase section */

/* Begin PBXGroup section */
		DE7D54EA2B6F77D80060BE42 /* Movie */ = {
			isa = PBXGroup;
			children = (
				DE7D54EB2B6F77E70060BE42 /* MovieViewController.swift */,
			);
			path = Movie;
			sourceTree = "<group>";
		};
		DE7D55162B71B41B0060BE42 /* Search */ = {
			isa = PBXGroup;
			children = (
				DE7D55172B71B42F0060BE42 /* DramaSearchViewController.swift */,
				DE7D55142B70C79F0060BE42 /* DramaSearchTableViewCell.swift */,
			);
			path = Search;
			sourceTree = "<group>";
		};
		DE7D55F22B7889DE0060BE42 /* Profile */ = {
			isa = PBXGroup;
			children = (
				DE7D55F32B7889F00060BE42 /* ProfileViewController.swift */,
				DE7D55FD2B789EC00060BE42 /* ProfileDetailViewController.swift */,
			);
			path = Profile;
			sourceTree = "<group>";
		};
		DE7D55F52B788FF20060BE42 /* Custom */ = {
			isa = PBXGroup;
			children = (
				DE7D55F62B7890040060BE42 /* ProfileLabel.swift */,
				DE7D55F82B7890FD0060BE42 /* ProfileTextField.swift */,
			);
			path = Custom;
			sourceTree = "<group>";
		};
		DE8912FD2B6A638D008E561C /* Drama */ = {
			isa = PBXGroup;
			children = (
				DEC1F2AC2B6E2FC100EA4987 /* CustomView */,
				DE8912FE2B6A63A3008E561C /* DramaViewController.swift */,
				DE8913192B6D1B0A008E561C /* CreditsTableViewCell.swift */,
				DE8913032B6A6E40008E561C /* DramaInfoTableViewCell.swift */,
				DE8913152B6D11A4008E561C /* DramaCreditsCollectionViewCell.swift */,
			);
			path = Drama;
			sourceTree = "<group>";
		};
		DEC1F2AC2B6E2FC100EA4987 /* CustomView */ = {
			isa = PBXGroup;
			children = (
				DEC1F2AD2B6E2FD700EA4987 /* DramaInfoLabel.swift */,
			);
			path = CustomView;
			sourceTree = "<group>";
		};
		DECC36A62B68F766008E8B41 = {
			isa = PBXGroup;
			children = (
				DECC36CE2B69C665008E8B41 /* APIKey.swift */,
				DECC36CC2B69C653008E8B41 /* .gitignore */,
				DECC36B12B68F766008E8B41 /* MediaProject */,
				DECC36B02B68F766008E8B41 /* Products */,
			);
			sourceTree = "<group>";
		};
		DECC36B02B68F766008E8B41 /* Products */ = {
			isa = PBXGroup;
			children = (
				DECC36AF2B68F766008E8B41 /* MediaProject.app */,
			);
			name = Products;
			sourceTree = "<group>";
		};
		DECC36B12B68F766008E8B41 /* MediaProject */ = {
			isa = PBXGroup;
			children = (
				DE7D55F52B788FF20060BE42 /* Custom */,
				DE7D55F22B7889DE0060BE42 /* Profile */,
				DE7D55162B71B41B0060BE42 /* Search */,
				DE7D54EA2B6F77D80060BE42 /* Movie */,
				DE8912FD2B6A638D008E561C /* Drama */,
				DECC36EB2B6A1500008E8B41 /* Media */,
				DECC36E82B6A140A008E8B41 /* Base */,
				DECC36C92B69C635008E8B41 /* Network */,
				DECC36C62B68F8D2008E8B41 /* Extension */,
				DECC36B22B68F766008E8B41 /* AppDelegate.swift */,
				DECC36B42B68F766008E8B41 /* SceneDelegate.swift */,
				DECC36B82B68F766008E8B41 /* Main.storyboard */,
				DECC36BB2B68F768008E8B41 /* Assets.xcassets */,
				DECC36BD2B68F768008E8B41 /* LaunchScreen.storyboard */,
				DECC36C02B68F768008E8B41 /* Info.plist */,
				DE8913132B6D0B9A008E561C /* MainTabBarViewController.swift */,
			);
			path = MediaProject;
			sourceTree = "<group>";
		};
		DECC36C62B68F8D2008E8B41 /* Extension */ = {
			isa = PBXGroup;
			children = (
				DECC36C72B68F8E2008E8B41 /* UIView+Extension.swift */,
			);
			path = Extension;
			sourceTree = "<group>";
		};
		DECC36C92B69C635008E8B41 /* Network */ = {
			isa = PBXGroup;
			children = (
				DECC36CA2B69C643008E8B41 /* TMDBAPIManager.swift */,
				DE7D54FB2B70ABEA0060BE42 /* TMDBSessionManager.swift */,
				DE7D54F92B70A1980060BE42 /* TMDBAPI.swift */,
				DE8913012B6A6A64008E561C /* DetailModel.swift */,
				DE8913172B6D1387008E561C /* DramaCredits.swift */,
				DE89131B2B6E2833008E561C /* DramaRecommandation.swift */,
				DE7D54ED2B705D940060BE42 /* DramaModel.swift */,
			);
			path = Network;
			sourceTree = "<group>";
		};
		DECC36E82B6A140A008E8B41 /* Base */ = {
			isa = PBXGroup;
			children = (
				DECC36E92B6A1415008E8B41 /* BaseViewController.swift */,
				DECC36EE2B6A159D008E8B41 /* BaseTableViewCell.swift */,
				DECC36F02B6A1846008E8B41 /* BaseCollectionViewCell.swift */,
			);
			path = Base;
			sourceTree = "<group>";
		};
		DECC36EB2B6A1500008E8B41 /* Media */ = {
			isa = PBXGroup;
			children = (
				DECC36B62B68F766008E8B41 /* MediaViewController.swift */,
				DECC36EC2B6A151F008E8B41 /* MediaTableViewCell.swift */,
				DECC36F22B6A18A2008E8B41 /* MediaCollectionViewCell.swift */,
			);
			path = Media;
			sourceTree = "<group>";
		};
/* End PBXGroup section */

/* Begin PBXNativeTarget section */
		DECC36AE2B68F766008E8B41 /* MediaProject */ = {
			isa = PBXNativeTarget;
			buildConfigurationList = DECC36C32B68F768008E8B41 /* Build configuration list for PBXNativeTarget "MediaProject" */;
			buildPhases = (
				DECC36AB2B68F766008E8B41 /* Sources */,
				DECC36AC2B68F766008E8B41 /* Frameworks */,
				DECC36AD2B68F766008E8B41 /* Resources */,
				DE7D55032B70BB660060BE42 /* Embed Frameworks */,
			);
			buildRules = (
			);
			dependencies = (
			);
			name = MediaProject;
			packageProductDependencies = (
				DE7D550C2B70BC830060BE42 /* SnapKit */,
				DE7D550F2B70BC8A0060BE42 /* Alamofire */,
				DE7D55122B70BC910060BE42 /* Kingfisher */,
			);
			productName = MediaProject;
			productReference = DECC36AF2B68F766008E8B41 /* MediaProject.app */;
			productType = "com.apple.product-type.application";
		};
/* End PBXNativeTarget section */

/* Begin PBXProject section */
		DECC36A72B68F766008E8B41 /* Project object */ = {
			isa = PBXProject;
			attributes = {
				BuildIndependentTargetsInParallel = 1;
				LastSwiftUpdateCheck = 1510;
				LastUpgradeCheck = 1510;
				TargetAttributes = {
					DECC36AE2B68F766008E8B41 = {
						CreatedOnToolsVersion = 15.1;
					};
				};
			};
			buildConfigurationList = DECC36AA2B68F766008E8B41 /* Build configuration list for PBXProject "MediaProject" */;
			compatibilityVersion = "Xcode 14.0";
			developmentRegion = en;
			hasScannedForEncodings = 0;
			knownRegions = (
				en,
				Base,
			);
			mainGroup = DECC36A62B68F766008E8B41;
			packageReferences = (
				DE7D550B2B70BC830060BE42 /* XCRemoteSwiftPackageReference "SnapKit" */,
				DE7D550E2B70BC8A0060BE42 /* XCRemoteSwiftPackageReference "Alamofire" */,
				DE7D55112B70BC910060BE42 /* XCRemoteSwiftPackageReference "Kingfisher" */,
			);
			productRefGroup = DECC36B02B68F766008E8B41 /* Products */;
			projectDirPath = "";
			projectRoot = "";
			targets = (
				DECC36AE2B68F766008E8B41 /* MediaProject */,
			);
		};
/* End PBXProject section */

/* Begin PBXResourcesBuildPhase section */
		DECC36AD2B68F766008E8B41 /* Resources */ = {
			isa = PBXResourcesBuildPhase;
			buildActionMask = 2147483647;
			files = (
				DECC36CD2B69C653008E8B41 /* .gitignore in Resources */,
				DECC36BF2B68F768008E8B41 /* LaunchScreen.storyboard in Resources */,
				DECC36BC2B68F768008E8B41 /* Assets.xcassets in Resources */,
				DECC36BA2B68F766008E8B41 /* Main.storyboard in Resources */,
			);
			runOnlyForDeploymentPostprocessing = 0;
		};
/* End PBXResourcesBuildPhase section */

/* Begin PBXSourcesBuildPhase section */
		DECC36AB2B68F766008E8B41 /* Sources */ = {
			isa = PBXSourcesBuildPhase;
			buildActionMask = 2147483647;
			files = (
				DECC36B72B68F766008E8B41 /* MediaViewController.swift in Sources */,
				DE7D55152B70C79F0060BE42 /* DramaSearchTableViewCell.swift in Sources */,
				DE8913042B6A6E40008E561C /* DramaInfoTableViewCell.swift in Sources */,
				DE8913162B6D11A4008E561C /* DramaCreditsCollectionViewCell.swift in Sources */,
				DECC36B32B68F766008E8B41 /* AppDelegate.swift in Sources */,
				DE8913142B6D0B9A008E561C /* MainTabBarViewController.swift in Sources */,
				DE7D55F92B7890FD0060BE42 /* ProfileTextField.swift in Sources */,
				DE7D55F42B7889F00060BE42 /* ProfileViewController.swift in Sources */,
				DECC36C82B68F8E2008E8B41 /* UIView+Extension.swift in Sources */,
				DE8912FF2B6A63A3008E561C /* DramaViewController.swift in Sources */,
				DECC36CB2B69C643008E8B41 /* TMDBAPIManager.swift in Sources */,
				DE7D54EE2B705D940060BE42 /* DramaModel.swift in Sources */,
				DE7D54FC2B70ABEA0060BE42 /* TMDBSessionManager.swift in Sources */,
				DE7D54FA2B70A1980060BE42 /* TMDBAPI.swift in Sources */,
				DE8913182B6D1387008E561C /* DramaCredits.swift in Sources */,
				DE8913022B6A6A64008E561C /* DetailModel.swift in Sources */,
				DECC36ED2B6A151F008E8B41 /* MediaTableViewCell.swift in Sources */,
				DE7D54EC2B6F77E70060BE42 /* MovieViewController.swift in Sources */,
				DECC36CF2B69C665008E8B41 /* APIKey.swift in Sources */,
				DE89131C2B6E2833008E561C /* DramaRecommandation.swift in Sources */,
				DECC36EA2B6A1415008E8B41 /* BaseViewController.swift in Sources */,
				DEC1F2AE2B6E2FD700EA4987 /* DramaInfoLabel.swift in Sources */,
				DECC36F32B6A18A2008E8B41 /* MediaCollectionViewCell.swift in Sources */,
				DE89131A2B6D1B0A008E561C /* CreditsTableViewCell.swift in Sources */,
				DECC36B52B68F766008E8B41 /* SceneDelegate.swift in Sources */,
				DE7D55FE2B789EC00060BE42 /* ProfileDetailViewController.swift in Sources */,
				DECC36EF2B6A159D008E8B41 /* BaseTableViewCell.swift in Sources */,
				DECC36F12B6A1846008E8B41 /* BaseCollectionViewCell.swift in Sources */,
				DE7D55182B71B42F0060BE42 /* DramaSearchViewController.swift in Sources */,
				DE7D55F72B7890040060BE42 /* ProfileLabel.swift in Sources */,
			);
			runOnlyForDeploymentPostprocessing = 0;
		};
/* End PBXSourcesBuildPhase section */

/* Begin PBXVariantGroup section */
		DECC36B82B68F766008E8B41 /* Main.storyboard */ = {
			isa = PBXVariantGroup;
			children = (
				DECC36B92B68F766008E8B41 /* Base */,
			);
			name = Main.storyboard;
			sourceTree = "<group>";
		};
		DECC36BD2B68F768008E8B41 /* LaunchScreen.storyboard */ = {
			isa = PBXVariantGroup;
			children = (
				DECC36BE2B68F768008E8B41 /* Base */,
			);
			name = LaunchScreen.storyboard;
			sourceTree = "<group>";
		};
/* End PBXVariantGroup section */

/* Begin XCBuildConfiguration section */
		DECC36C12B68F768008E8B41 /* Debug */ = {
			isa = XCBuildConfiguration;
			buildSettings = {
				ALWAYS_SEARCH_USER_PATHS = NO;
				ASSETCATALOG_COMPILER_GENERATE_SWIFT_ASSET_SYMBOL_EXTENSIONS = YES;
				CLANG_ANALYZER_NONNULL = YES;
				CLANG_ANALYZER_NUMBER_OBJECT_CONVERSION = YES_AGGRESSIVE;
				CLANG_CXX_LANGUAGE_STANDARD = "gnu++20";
				CLANG_ENABLE_MODULES = YES;
				CLANG_ENABLE_OBJC_ARC = YES;
				CLANG_ENABLE_OBJC_WEAK = YES;
				CLANG_WARN_BLOCK_CAPTURE_AUTORELEASING = YES;
				CLANG_WARN_BOOL_CONVERSION = YES;
				CLANG_WARN_COMMA = YES;
				CLANG_WARN_CONSTANT_CONVERSION = YES;
				CLANG_WARN_DEPRECATED_OBJC_IMPLEMENTATIONS = YES;
				CLANG_WARN_DIRECT_OBJC_ISA_USAGE = YES_ERROR;
				CLANG_WARN_DOCUMENTATION_COMMENTS = YES;
				CLANG_WARN_EMPTY_BODY = YES;
				CLANG_WARN_ENUM_CONVERSION = YES;
				CLANG_WARN_INFINITE_RECURSION = YES;
				CLANG_WARN_INT_CONVERSION = YES;
				CLANG_WARN_NON_LITERAL_NULL_CONVERSION = YES;
				CLANG_WARN_OBJC_IMPLICIT_RETAIN_SELF = YES;
				CLANG_WARN_OBJC_LITERAL_CONVERSION = YES;
				CLANG_WARN_OBJC_ROOT_CLASS = YES_ERROR;
				CLANG_WARN_QUOTED_INCLUDE_IN_FRAMEWORK_HEADER = YES;
				CLANG_WARN_RANGE_LOOP_ANALYSIS = YES;
				CLANG_WARN_STRICT_PROTOTYPES = YES;
				CLANG_WARN_SUSPICIOUS_MOVE = YES;
				CLANG_WARN_UNGUARDED_AVAILABILITY = YES_AGGRESSIVE;
				CLANG_WARN_UNREACHABLE_CODE = YES;
				CLANG_WARN__DUPLICATE_METHOD_MATCH = YES;
				COPY_PHASE_STRIP = NO;
				DEBUG_INFORMATION_FORMAT = dwarf;
				ENABLE_STRICT_OBJC_MSGSEND = YES;
				ENABLE_TESTABILITY = YES;
				ENABLE_USER_SCRIPT_SANDBOXING = YES;
				GCC_C_LANGUAGE_STANDARD = gnu17;
				GCC_DYNAMIC_NO_PIC = NO;
				GCC_NO_COMMON_BLOCKS = YES;
				GCC_OPTIMIZATION_LEVEL = 0;
				GCC_PREPROCESSOR_DEFINITIONS = (
					"DEBUG=1",
					"$(inherited)",
				);
				GCC_WARN_64_TO_32_BIT_CONVERSION = YES;
				GCC_WARN_ABOUT_RETURN_TYPE = YES_ERROR;
				GCC_WARN_UNDECLARED_SELECTOR = YES;
				GCC_WARN_UNINITIALIZED_AUTOS = YES_AGGRESSIVE;
				GCC_WARN_UNUSED_FUNCTION = YES;
				GCC_WARN_UNUSED_VARIABLE = YES;
				IPHONEOS_DEPLOYMENT_TARGET = 17.2;
				LOCALIZATION_PREFERS_STRING_CATALOGS = YES;
				MTL_ENABLE_DEBUG_INFO = INCLUDE_SOURCE;
				MTL_FAST_MATH = YES;
				ONLY_ACTIVE_ARCH = YES;
				SDKROOT = iphoneos;
				SWIFT_ACTIVE_COMPILATION_CONDITIONS = "DEBUG $(inherited)";
				SWIFT_OPTIMIZATION_LEVEL = "-Onone";
			};
			name = Debug;
		};
		DECC36C22B68F768008E8B41 /* Release */ = {
			isa = XCBuildConfiguration;
			buildSettings = {
				ALWAYS_SEARCH_USER_PATHS = NO;
				ASSETCATALOG_COMPILER_GENERATE_SWIFT_ASSET_SYMBOL_EXTENSIONS = YES;
				CLANG_ANALYZER_NONNULL = YES;
				CLANG_ANALYZER_NUMBER_OBJECT_CONVERSION = YES_AGGRESSIVE;
				CLANG_CXX_LANGUAGE_STANDARD = "gnu++20";
				CLANG_ENABLE_MODULES = YES;
				CLANG_ENABLE_OBJC_ARC = YES;
				CLANG_ENABLE_OBJC_WEAK = YES;
				CLANG_WARN_BLOCK_CAPTURE_AUTORELEASING = YES;
				CLANG_WARN_BOOL_CONVERSION = YES;
				CLANG_WARN_COMMA = YES;
				CLANG_WARN_CONSTANT_CONVERSION = YES;
				CLANG_WARN_DEPRECATED_OBJC_IMPLEMENTATIONS = YES;
				CLANG_WARN_DIRECT_OBJC_ISA_USAGE = YES_ERROR;
				CLANG_WARN_DOCUMENTATION_COMMENTS = YES;
				CLANG_WARN_EMPTY_BODY = YES;
				CLANG_WARN_ENUM_CONVERSION = YES;
				CLANG_WARN_INFINITE_RECURSION = YES;
				CLANG_WARN_INT_CONVERSION = YES;
				CLANG_WARN_NON_LITERAL_NULL_CONVERSION = YES;
				CLANG_WARN_OBJC_IMPLICIT_RETAIN_SELF = YES;
				CLANG_WARN_OBJC_LITERAL_CONVERSION = YES;
				CLANG_WARN_OBJC_ROOT_CLASS = YES_ERROR;
				CLANG_WARN_QUOTED_INCLUDE_IN_FRAMEWORK_HEADER = YES;
				CLANG_WARN_RANGE_LOOP_ANALYSIS = YES;
				CLANG_WARN_STRICT_PROTOTYPES = YES;
				CLANG_WARN_SUSPICIOUS_MOVE = YES;
				CLANG_WARN_UNGUARDED_AVAILABILITY = YES_AGGRESSIVE;
				CLANG_WARN_UNREACHABLE_CODE = YES;
				CLANG_WARN__DUPLICATE_METHOD_MATCH = YES;
				COPY_PHASE_STRIP = NO;
				DEBUG_INFORMATION_FORMAT = "dwarf-with-dsym";
				ENABLE_NS_ASSERTIONS = NO;
				ENABLE_STRICT_OBJC_MSGSEND = YES;
				ENABLE_USER_SCRIPT_SANDBOXING = YES;
				GCC_C_LANGUAGE_STANDARD = gnu17;
				GCC_NO_COMMON_BLOCKS = YES;
				GCC_WARN_64_TO_32_BIT_CONVERSION = YES;
				GCC_WARN_ABOUT_RETURN_TYPE = YES_ERROR;
				GCC_WARN_UNDECLARED_SELECTOR = YES;
				GCC_WARN_UNINITIALIZED_AUTOS = YES_AGGRESSIVE;
				GCC_WARN_UNUSED_FUNCTION = YES;
				GCC_WARN_UNUSED_VARIABLE = YES;
				IPHONEOS_DEPLOYMENT_TARGET = 17.2;
				LOCALIZATION_PREFERS_STRING_CATALOGS = YES;
				MTL_ENABLE_DEBUG_INFO = NO;
				MTL_FAST_MATH = YES;
				SDKROOT = iphoneos;
				SWIFT_COMPILATION_MODE = wholemodule;
				VALIDATE_PRODUCT = YES;
			};
			name = Release;
		};
		DECC36C42B68F768008E8B41 /* Debug */ = {
			isa = XCBuildConfiguration;
			buildSettings = {
				ASSETCATALOG_COMPILER_APPICON_NAME = AppIcon;
				ASSETCATALOG_COMPILER_GLOBAL_ACCENT_COLOR_NAME = AccentColor;
				CODE_SIGN_STYLE = Automatic;
				CURRENT_PROJECT_VERSION = 1;
				DEVELOPMENT_TEAM = X32GZ3NKQ8;
				GENERATE_INFOPLIST_FILE = YES;
				INFOPLIST_FILE = MediaProject/Info.plist;
				INFOPLIST_KEY_UIApplicationSupportsIndirectInputEvents = YES;
				INFOPLIST_KEY_UILaunchStoryboardName = LaunchScreen;
				INFOPLIST_KEY_UIMainStoryboardFile = Main;
				INFOPLIST_KEY_UISupportedInterfaceOrientations_iPad = "UIInterfaceOrientationPortrait UIInterfaceOrientationPortraitUpsideDown UIInterfaceOrientationLandscapeLeft UIInterfaceOrientationLandscapeRight";
				INFOPLIST_KEY_UISupportedInterfaceOrientations_iPhone = "UIInterfaceOrientationPortrait UIInterfaceOrientationLandscapeLeft UIInterfaceOrientationLandscapeRight";
				IPHONEOS_DEPLOYMENT_TARGET = 16.3;
				LD_RUNPATH_SEARCH_PATHS = (
					"$(inherited)",
					"@executable_path/Frameworks",
				);
				MARKETING_VERSION = 1.0;
				PRODUCT_BUNDLE_IDENTIFIER = com.moana.MediaProject;
				PRODUCT_NAME = "$(TARGET_NAME)";
				SWIFT_EMIT_LOC_STRINGS = YES;
				SWIFT_VERSION = 5.0;
				TARGETED_DEVICE_FAMILY = "1,2";
			};
			name = Debug;
		};
		DECC36C52B68F768008E8B41 /* Release */ = {
			isa = XCBuildConfiguration;
			buildSettings = {
				ASSETCATALOG_COMPILER_APPICON_NAME = AppIcon;
				ASSETCATALOG_COMPILER_GLOBAL_ACCENT_COLOR_NAME = AccentColor;
				CODE_SIGN_STYLE = Automatic;
				CURRENT_PROJECT_VERSION = 1;
				DEVELOPMENT_TEAM = X32GZ3NKQ8;
				GENERATE_INFOPLIST_FILE = YES;
				INFOPLIST_FILE = MediaProject/Info.plist;
				INFOPLIST_KEY_UIApplicationSupportsIndirectInputEvents = YES;
				INFOPLIST_KEY_UILaunchStoryboardName = LaunchScreen;
				INFOPLIST_KEY_UIMainStoryboardFile = Main;
				INFOPLIST_KEY_UISupportedInterfaceOrientations_iPad = "UIInterfaceOrientationPortrait UIInterfaceOrientationPortraitUpsideDown UIInterfaceOrientationLandscapeLeft UIInterfaceOrientationLandscapeRight";
				INFOPLIST_KEY_UISupportedInterfaceOrientations_iPhone = "UIInterfaceOrientationPortrait UIInterfaceOrientationLandscapeLeft UIInterfaceOrientationLandscapeRight";
				IPHONEOS_DEPLOYMENT_TARGET = 16.3;
				LD_RUNPATH_SEARCH_PATHS = (
					"$(inherited)",
					"@executable_path/Frameworks",
				);
				MARKETING_VERSION = 1.0;
				PRODUCT_BUNDLE_IDENTIFIER = com.moana.MediaProject;
				PRODUCT_NAME = "$(TARGET_NAME)";
				SWIFT_EMIT_LOC_STRINGS = YES;
				SWIFT_VERSION = 5.0;
				TARGETED_DEVICE_FAMILY = "1,2";
			};
			name = Release;
		};
/* End XCBuildConfiguration section */

/* Begin XCConfigurationList section */
		DECC36AA2B68F766008E8B41 /* Build configuration list for PBXProject "MediaProject" */ = {
			isa = XCConfigurationList;
			buildConfigurations = (
				DECC36C12B68F768008E8B41 /* Debug */,
				DECC36C22B68F768008E8B41 /* Release */,
			);
			defaultConfigurationIsVisible = 0;
			defaultConfigurationName = Release;
		};
		DECC36C32B68F768008E8B41 /* Build configuration list for PBXNativeTarget "MediaProject" */ = {
			isa = XCConfigurationList;
			buildConfigurations = (
				DECC36C42B68F768008E8B41 /* Debug */,
				DECC36C52B68F768008E8B41 /* Release */,
			);
			defaultConfigurationIsVisible = 0;
			defaultConfigurationName = Release;
		};
/* End XCConfigurationList section */

/* Begin XCRemoteSwiftPackageReference section */
		DE7D550B2B70BC830060BE42 /* XCRemoteSwiftPackageReference "SnapKit" */ = {
			isa = XCRemoteSwiftPackageReference;
			repositoryURL = "https://github.com/SnapKit/SnapKit.git";
			requirement = {
				kind = upToNextMajorVersion;
				minimumVersion = 5.7.0;
			};
		};
		DE7D550E2B70BC8A0060BE42 /* XCRemoteSwiftPackageReference "Alamofire" */ = {
			isa = XCRemoteSwiftPackageReference;
			repositoryURL = "https://github.com/Alamofire/Alamofire";
			requirement = {
				kind = upToNextMajorVersion;
				minimumVersion = 5.8.1;
			};
		};
		DE7D55112B70BC910060BE42 /* XCRemoteSwiftPackageReference "Kingfisher" */ = {
			isa = XCRemoteSwiftPackageReference;
			repositoryURL = "https://github.com/onevcat/Kingfisher";
			requirement = {
				kind = upToNextMajorVersion;
				minimumVersion = 7.10.2;
			};
		};
/* End XCRemoteSwiftPackageReference section */

/* Begin XCSwiftPackageProductDependency section */
		DE7D550C2B70BC830060BE42 /* SnapKit */ = {
			isa = XCSwiftPackageProductDependency;
			package = DE7D550B2B70BC830060BE42 /* XCRemoteSwiftPackageReference "SnapKit" */;
			productName = SnapKit;
		};
		DE7D550F2B70BC8A0060BE42 /* Alamofire */ = {
			isa = XCSwiftPackageProductDependency;
			package = DE7D550E2B70BC8A0060BE42 /* XCRemoteSwiftPackageReference "Alamofire" */;
			productName = Alamofire;
		};
		DE7D55122B70BC910060BE42 /* Kingfisher */ = {
			isa = XCSwiftPackageProductDependency;
			package = DE7D55112B70BC910060BE42 /* XCRemoteSwiftPackageReference "Kingfisher" */;
			productName = Kingfisher;
		};
/* End XCSwiftPackageProductDependency section */
	};
	rootObject = DECC36A72B68F766008E8B41 /* Project object */;
}
